
Microsoft Visual Studio Solution File, Format Version 11.00
# Visual Studio 2010
Project("{FAE04EC0-301F-11D3-BF4B-00C04F79EFBC}") = "ARGame_Test", "Assembly-CSharp.csproj", "{FA5D9752-57E2-CB28-D9A6-4CFE8921A9D2}"
EndProject
Project("{FAE04EC0-301F-11D3-BF4B-00C04F79EFBC}") = "ARGame_Test", "Assembly-CSharp-Editor.csproj", "{75A19E66-8953-6AE8-1D0D-DFD903988A92}"
EndProject
Global
	GlobalSection(SolutionConfigurationPlatforms) = preSolution
		Debug|Any CPU = Debug|Any CPU
		Release|Any CPU = Release|Any CPU
	EndGlobalSection
	GlobalSection(ProjectConfigurationPlatforms) = postSolution
		{FA5D9752-57E2-CB28-D9A6-4CFE8921A9D2}.Debug|Any CPU.ActiveCfg = Debug|Any CPU
		{FA5D9752-57E2-CB28-D9A6-4CFE8921A9D2}.Debug|Any CPU.Build.0 = Debug|Any CPU
		{FA5D9752-57E2-CB28-D9A6-4CFE8921A9D2}.Release|Any CPU.ActiveCfg = Release|Any CPU
		{FA5D9752-57E2-CB28-D9A6-4CFE8921A9D2}.Release|Any CPU.Build.0 = Release|Any CPU
		{75A19E66-8953-6AE8-1D0D-DFD903988A92}.Debug|Any CPU.ActiveCfg = Debug|Any CPU
		{75A19E66-8953-6AE8-1D0D-DFD903988A92}.Debug|Any CPU.Build.0 = Debug|Any CPU
		{75A19E66-8953-6AE8-1D0D-DFD903988A92}.Release|Any CPU.ActiveCfg = Release|Any CPU
		{75A19E66-8953-6AE8-1D0D-DFD903988A92}.Release|Any CPU.Build.0 = Release|Any CPU
	EndGlobalSection
	GlobalSection(SolutionProperties) = preSolution
		HideSolutionNode = FALSE
	EndGlobalSection
	GlobalSection(MonoDevelopProperties) = preSolution
		StartupItem = Assembly-CSharp.csproj
	EndGlobalSection
EndGlobal
